
Microsoft Visual Studio Solution File, Format Version 12.00
# Visual Studio Version 16
VisualStudioVersion = 16.0.31911.196
MinimumVisualStudioVersion = 10.0.40219.1
Project("{FAE04EC0-301F-11D3-BF4B-00C04F79EFBC}") = "Decorator", "Decorator\Decorator.csproj", "{A25B6C6C-787A-4313-8A03-B391E5F0E4DE}"
EndProject
Global
	GlobalSection(SolutionConfigurationPlatforms) = preSolution
		Debug|Any CPU = Debug|Any CPU
		Release|Any CPU = Release|Any CPU
	EndGlobalSection
	GlobalSection(ProjectConfigurationPlatforms) = postSolution
		{A25B6C6C-787A-4313-8A03-B391E5F0E4DE}.Debug|Any CPU.ActiveCfg = Debug|Any CPU
		{A25B6C6C-787A-4313-8A03-B391E5F0E4DE}.Debug|Any CPU.Build.0 = Debug|Any CPU
		{A25B6C6C-787A-4313-8A03-B391E5F0E4DE}.Release|Any CPU.ActiveCfg = Release|Any CPU
		{A25B6C6C-787A-4313-8A03-B391E5F0E4DE}.Release|Any CPU.Build.0 = Release|Any CPU
	EndGlobalSection
	GlobalSection(SolutionProperties) = preSolution
		HideSolutionNode = FALSE
	EndGlobalSection
	GlobalSection(ExtensibilityGlobals) = postSolution
		SolutionGuid = {54257C28-7C43-4052-A3D3-1B88375288E9}
	EndGlobalSection
EndGlobal
