
Microsoft Visual Studio Solution File, Format Version 12.00
# Visual Studio Version 16
VisualStudioVersion = 16.0.31911.196
MinimumVisualStudioVersion = 10.0.40219.1
Project("{FAE04EC0-301F-11D3-BF4B-00C04F79EFBC}") = "InyeccionDeDependencia", "InyeccionDeDependencia\InyeccionDeDependencia.csproj", "{6B1D2256-A33E-4643-97DA-7091F543123D}"
EndProject
Global
	GlobalSection(SolutionConfigurationPlatforms) = preSolution
		Debug|Any CPU = Debug|Any CPU
		Release|Any CPU = Release|Any CPU
	EndGlobalSection
	GlobalSection(ProjectConfigurationPlatforms) = postSolution
		{6B1D2256-A33E-4643-97DA-7091F543123D}.Debug|Any CPU.ActiveCfg = Debug|Any CPU
		{6B1D2256-A33E-4643-97DA-7091F543123D}.Debug|Any CPU.Build.0 = Debug|Any CPU
		{6B1D2256-A33E-4643-97DA-7091F543123D}.Release|Any CPU.ActiveCfg = Release|Any CPU
		{6B1D2256-A33E-4643-97DA-7091F543123D}.Release|Any CPU.Build.0 = Release|Any CPU
	EndGlobalSection
	GlobalSection(SolutionProperties) = preSolution
		HideSolutionNode = FALSE
	EndGlobalSection
	GlobalSection(ExtensibilityGlobals) = postSolution
		SolutionGuid = {61975543-648A-4255-8192-C0F4BAF3422D}
	EndGlobalSection
EndGlobal
