
Microsoft Visual Studio Solution File, Format Version 12.00
# Visual Studio Version 16
VisualStudioVersion = 16.0.31911.196
MinimumVisualStudioVersion = 10.0.40219.1
Project("{FAE04EC0-301F-11D3-BF4B-00C04F79EFBC}") = "Proxy", "Proxy\Proxy.csproj", "{77C12AD6-3CA8-4AE3-B926-D30D3368112B}"
EndProject
Global
	GlobalSection(SolutionConfigurationPlatforms) = preSolution
		Debug|Any CPU = Debug|Any CPU
		Release|Any CPU = Release|Any CPU
	EndGlobalSection
	GlobalSection(ProjectConfigurationPlatforms) = postSolution
		{77C12AD6-3CA8-4AE3-B926-D30D3368112B}.Debug|Any CPU.ActiveCfg = Debug|Any CPU
		{77C12AD6-3CA8-4AE3-B926-D30D3368112B}.Debug|Any CPU.Build.0 = Debug|Any CPU
		{77C12AD6-3CA8-4AE3-B926-D30D3368112B}.Release|Any CPU.ActiveCfg = Release|Any CPU
		{77C12AD6-3CA8-4AE3-B926-D30D3368112B}.Release|Any CPU.Build.0 = Release|Any CPU
	EndGlobalSection
	GlobalSection(SolutionProperties) = preSolution
		HideSolutionNode = FALSE
	EndGlobalSection
	GlobalSection(ExtensibilityGlobals) = postSolution
		SolutionGuid = {61BFAA14-3FE6-438B-933A-3151E9035425}
	EndGlobalSection
EndGlobal
